{
  "nodes": {
    "diffz": {
      "flake": false,
      "locked": {
        "lastModified": 1676881125,
        "narHash": "sha256-iCXoJp+89GhdFO9roE208mhqURTuMX8zKiEEpvMH2do=",
        "owner": "ziglibs",
        "repo": "diffz",
        "rev": "efc91679b000a2d7f86fb40930f0a95a0d349bff",
        "type": "github"
      },
      "original": {
        "owner": "ziglibs",
        "repo": "diffz",
        "type": "github"
      }
    },
    "flake-compat": {
      "flake": false,
      "locked": {
        "lastModified": 1673956053,
        "narHash": "sha256-4gtG9iQuiKITOjNQQeQIpoIB6b16fm+504Ch3sNKLd8=",
        "owner": "edolstra",
        "repo": "flake-compat",
        "rev": "35bb57c0c8d8b62bbfd284272c928ceb64ddbde9",
        "type": "github"
      },
      "original": {
        "owner": "edolstra",
        "repo": "flake-compat",
        "type": "github"
      }
    },
    "flake-utils": {
      "locked": {
        "lastModified": 1644229661,
        "narHash": "sha256-1YdnJAsNy69bpcjuoKdOYQX0YxZBiCYZo4Twxerqv7k=",
        "owner": "numtide",
        "repo": "flake-utils",
        "rev": "3cecb5b042f7f209c56ffd8371b2711a290ec797",
        "type": "github"
      },
      "original": {
        "owner": "numtide",
        "repo": "flake-utils",
        "type": "github"
      }
    },
    "gitignore": {
      "inputs": {
        "nixpkgs": [
          "zls",
          "nixpkgs"
        ]
      },
      "locked": {
        "lastModified": 1660459072,
        "narHash": "sha256-8DFJjXG8zqoONA1vXtgeKXy68KdJL5UaXR8NtVMUbx8=",
        "owner": "hercules-ci",
        "repo": "gitignore.nix",
        "rev": "a20de23b925fd8264fd7fad6454652e142fd7f73",
        "type": "github"
      },
      "original": {
        "owner": "hercules-ci",
        "repo": "gitignore.nix",
        "type": "github"
      }
    },
    "known-folders": {
      "flake": false,
      "locked": {
        "lastModified": 1675710004,
        "narHash": "sha256-eIAKOrapiqofwj4okOH9iRxBwl09VnAgS+nbfmD5q9U=",
        "owner": "ziglibs",
        "repo": "known-folders",
        "rev": "53fe3b676f32e59d46f4fd201d7ab200e5f6cb98",
        "type": "github"
      },
      "original": {
        "owner": "ziglibs",
        "repo": "known-folders",
        "type": "github"
      }
    },
    "nixpkgs": {
      "locked": {
        "lastModified": 1672580127,
        "narHash": "sha256-3lW3xZslREhJogoOkjeZtlBtvFMyxHku7I/9IVehhT8=",
        "owner": "nixos",
        "repo": "nixpkgs",
        "rev": "0874168639713f547c05947c76124f78441ea46c",
        "type": "github"
      },
      "original": {
        "owner": "nixos",
        "ref": "release-22.05",
        "repo": "nixpkgs",
        "type": "github"
      }
    },
    "nixpkgs-unstable": {
      "locked": {
        "lastModified": 1677229269,
        "narHash": "sha256-awE2w6oi9rzQ8qj1lwKEDm6qIA0a239fiB+AyPjXR2w=",
        "owner": "nixos",
        "repo": "nixpkgs",
        "rev": "7d0ed7f2e5aea07ab22ccb338d27fbe347ed2f11",
        "type": "github"
      },
      "original": {
        "owner": "nixos",
        "ref": "nixpkgs-unstable",
        "repo": "nixpkgs",
        "type": "github"
      }
    },
    "root": {
      "inputs": {
        "flake-utils": "flake-utils",
        "nixpkgs": "nixpkgs",
        "nixpkgs-unstable": "nixpkgs-unstable",
        "zig-overlay": "zig-overlay",
        "zls": "zls"
      }
    },
    "tres": {
      "flake": false,
      "locked": {
        "lastModified": 1677011084,
        "narHash": "sha256-hUPEz/agefsEAylFgfTA9csickOfqLbzguPIfwLI5WU=",
        "owner": "ziglibs",
        "repo": "tres",
        "rev": "d8b0c24a945da02fffdae731edd1903c6889e73c",
        "type": "github"
      },
      "original": {
        "owner": "ziglibs",
        "repo": "tres",
        "type": "github"
      }
    },
    "zig-overlay": {
      "inputs": {
        "flake-compat": "flake-compat",
        "flake-utils": [
          "flake-utils"
        ],
        "nixpkgs": [
          "nixpkgs-unstable"
        ]
      },
      "locked": {
        "lastModified": 1677198262,
        "narHash": "sha256-PxZ6JdfvNVI/+EIjhaW28EkQqafUnm4VouT31swPqOc=",
        "owner": "mitchellh",
        "repo": "zig-overlay",
        "rev": "799650b2e991ea6f4b581d6eea3c8501f7937108",
        "type": "github"
      },
      "original": {
        "owner": "mitchellh",
        "repo": "zig-overlay",
        "type": "github"
      }
    },
    "zls": {
      "inputs": {
        "diffz": "diffz",
        "flake-utils": [
          "flake-utils"
        ],
        "gitignore": "gitignore",
        "known-folders": "known-folders",
        "nixpkgs": [
          "nixpkgs-unstable"
        ],
        "tres": "tres",
        "zig-overlay": [
          "zig-overlay"
        ]
      },
      "locked": {
        "lastModified": 1677183532,
        "narHash": "sha256-Wv2bY20LOOvnVuADmSwwZsu/AHBU1nguywfm9Skb7os=",
        "owner": "zigtools",
        "repo": "zls",
        "rev": "5ede46f0039512c584d1bd0b53559721fd55f1dc",
        "type": "github"
      },
      "original": {
        "owner": "zigtools",
        "ref": "master",
        "repo": "zls",
        "type": "github"
      }
    }
  },
  "root": "root",
  "version": 7
}
