{
  "nodes": {
    "flake-utils": {
      "locked": {
        "lastModified": 1644229661,
        "narHash": "sha256-1YdnJAsNy69bpcjuoKdOYQX0YxZBiCYZo4Twxerqv7k=",
        "owner": "numtide",
        "repo": "flake-utils",
        "rev": "3cecb5b042f7f209c56ffd8371b2711a290ec797",
        "type": "github"
      },
      "original": {
        "owner": "numtide",
        "repo": "flake-utils",
        "type": "github"
      }
    },
    "gitignore": {
      "inputs": {
        "nixpkgs": [
          "zls",
          "nixpkgs"
        ]
      },
      "locked": {
        "lastModified": 1660459072,
        "narHash": "sha256-8DFJjXG8zqoONA1vXtgeKXy68KdJL5UaXR8NtVMUbx8=",
        "owner": "hercules-ci",
        "repo": "gitignore.nix",
        "rev": "a20de23b925fd8264fd7fad6454652e142fd7f73",
        "type": "github"
      },
      "original": {
        "owner": "hercules-ci",
        "repo": "gitignore.nix",
        "type": "github"
      }
    },
    "known-folders": {
      "flake": false,
      "locked": {
        "lastModified": 1659425144,
        "narHash": "sha256-xMgdOKwWqBmw7avcioqQQrrPU1MjzlBMtNjqPfOEtDQ=",
        "owner": "ziglibs",
        "repo": "known-folders",
        "rev": "24845b0103e611c108d6bc334231c464e699742c",
        "type": "github"
      },
      "original": {
        "owner": "ziglibs",
        "repo": "known-folders",
        "type": "github"
      }
    },
    "nixpkgs": {
      "locked": {
        "lastModified": 1648250841,
        "narHash": "sha256-JSZLpMDDhDZq2KHWkbJc7VAkOrNIexVHQn7pfsjCQbA=",
        "owner": "nixos",
        "repo": "nixpkgs",
        "rev": "e80f8f4d8336f5249d475d5c671a4e53b9d36634",
        "type": "github"
      },
      "original": {
        "owner": "nixos",
        "ref": "release-21.11",
        "repo": "nixpkgs",
        "type": "github"
      }
    },
    "nixpkgs-unstable": {
      "locked": {
        "lastModified": 1648097358,
        "narHash": "sha256-GMoTKP/po2Nbkh1tvPvP8Ww6NyFW8FFst1Z3nfzffZc=",
        "owner": "nixos",
        "repo": "nixpkgs",
        "rev": "4d60081494259c0785f7e228518fee74e0792c1b",
        "type": "github"
      },
      "original": {
        "owner": "nixos",
        "ref": "nixpkgs-unstable",
        "repo": "nixpkgs",
        "type": "github"
      }
    },
    "root": {
      "inputs": {
        "flake-utils": "flake-utils",
        "nixpkgs": "nixpkgs",
        "nixpkgs-unstable": "nixpkgs-unstable",
        "zig-overlay": "zig-overlay",
        "zls": "zls"
      }
    },
    "zig-overlay": {
      "inputs": {
        "flake-utils": [
          "flake-utils"
        ],
        "nixpkgs": [
          "nixpkgs-unstable"
        ]
      },
      "locked": {
        "lastModified": 1667650091,
        "narHash": "sha256-gd6cY0fTOxuw461WQhM1Ud7d1zJBExM3SstAGAX+Fh4=",
        "owner": "mitchellh",
        "repo": "zig-overlay",
        "rev": "78078a3f32b363be9a182f8b8c98c4d0ffe0fcf2",
        "type": "github"
      },
      "original": {
        "owner": "mitchellh",
        "repo": "zig-overlay",
        "type": "github"
      }
    },
    "zls": {
      "inputs": {
        "flake-utils": [
          "flake-utils"
        ],
        "gitignore": "gitignore",
        "known-folders": "known-folders",
        "nixpkgs": [
          "nixpkgs-unstable"
        ],
        "zig-overlay": [
          "zig-overlay"
        ]
      },
      "locked": {
        "lastModified": 1667304525,
        "narHash": "sha256-7ba7jdvsHh5ZyLy4bOXVXlMsMiKstXbzr+E+EZXFflI=",
        "owner": "zigtools",
        "repo": "zls",
        "rev": "7ef224467ab2f3179058981740e942977892e7b9",
        "type": "github"
      },
      "original": {
        "owner": "zigtools",
        "ref": "0.10.0",
        "repo": "zls",
        "type": "github"
      }
    }
  },
  "root": "root",
  "version": 7
}
